
Microsoft Visual Studio Solution File, Format Version 11.00
# Visual Studio 2010
Project("{FAE04EC0-301F-11D3-BF4B-00C04F79EFBC}") = "PhotonUnityNetworking.Demos", "PhotonUnityNetworking.Demos.csproj", "{2D8DDA51-6DA0-CCCE-F323-D6551BA0D90F}"
EndProject
Project("{FAE04EC0-301F-11D3-BF4B-00C04F79EFBC}") = "PhotonUnityNetworking.Utilities", "PhotonUnityNetworking.Utilities.csproj", "{8B85370E-F4AE-46CF-76F3-7783A714FFB8}"
EndProject
Project("{FAE04EC0-301F-11D3-BF4B-00C04F79EFBC}") = "Assembly-CSharp", "Assembly-CSharp.csproj", "{7E815F70-8C73-0580-7B0B-26F808484F97}"
EndProject
Project("{FAE04EC0-301F-11D3-BF4B-00C04F79EFBC}") = "BitpackersASMDEF", "BitpackersASMDEF.csproj", "{242F324D-D37C-95EE-BB10-2CAF1B0FD1ED}"
EndProject
Project("{FAE04EC0-301F-11D3-BF4B-00C04F79EFBC}") = "EmoCompressUtilsASMDEF", "EmoCompressUtilsASMDEF.csproj", "{F571138C-F5CC-FE27-1E8A-82DA4B467496}"
EndProject
Project("{FAE04EC0-301F-11D3-BF4B-00C04F79EFBC}") = "PhotonChat", "PhotonChat.csproj", "{50077499-D57F-EEA5-A8C4-E9E34D6CE2FD}"
EndProject
Project("{FAE04EC0-301F-11D3-BF4B-00C04F79EFBC}") = "PhotonUnityNetworking", "PhotonUnityNetworking.csproj", "{E944A0F1-6BB7-6D21-9296-102F5E17E478}"
EndProject
Project("{FAE04EC0-301F-11D3-BF4B-00C04F79EFBC}") = "PhotonRealtime", "PhotonRealtime.csproj", "{AF82D8EF-A0B9-2A3C-BB21-7D876CA082F8}"
EndProject
Project("{FAE04EC0-301F-11D3-BF4B-00C04F79EFBC}") = "HalfFloatASMDEF", "HalfFloatASMDEF.csproj", "{B595E892-4883-C324-E087-DD9B4AD027B3}"
EndProject
Project("{FAE04EC0-301F-11D3-BF4B-00C04F79EFBC}") = "PhotonUnityNetworking.Editor", "PhotonUnityNetworking.Editor.csproj", "{4262D5F6-DEFC-36AE-D7F8-222839B72FF7}"
EndProject
Project("{FAE04EC0-301F-11D3-BF4B-00C04F79EFBC}") = "PunDemos.DemoHubEditor", "PunDemos.DemoHubEditor.csproj", "{71CDD71D-EE7A-F880-C3DE-C8A90F689CE6}"
EndProject
Project("{FAE04EC0-301F-11D3-BF4B-00C04F79EFBC}") = "PhotonUnityNetworking.Utilities.PhotonPlayer.Editor", "PhotonUnityNetworking.Utilities.PhotonPlayer.Editor.csproj", "{D64AB0BA-2DC4-B7AE-EBFF-120FC29FF7ED}"
EndProject
Project("{FAE04EC0-301F-11D3-BF4B-00C04F79EFBC}") = "PhotonUnityNetworking.Utilities.Culling.Editor", "PhotonUnityNetworking.Utilities.Culling.Editor.csproj", "{AE26ECD4-BC1C-E175-6330-DC297EB9C8E0}"
EndProject
Project("{FAE04EC0-301F-11D3-BF4B-00C04F79EFBC}") = "Assembly-CSharp-Editor", "Assembly-CSharp-Editor.csproj", "{B69E4C44-B1A7-4697-1BC2-34628AE58C7F}"
EndProject
Project("{FAE04EC0-301F-11D3-BF4B-00C04F79EFBC}") = "PunDemos.DemoSlotcarEditor", "PunDemos.DemoSlotcarEditor.csproj", "{4E17A8B2-FA7C-BC49-2ED9-7D56E65CFBDD}"
EndProject
Global
	GlobalSection(SolutionConfigurationPlatforms) = preSolution
		Debug|Any CPU = Debug|Any CPU
		Release|Any CPU = Release|Any CPU
	EndGlobalSection
	GlobalSection(ProjectConfigurationPlatforms) = postSolution
		{2D8DDA51-6DA0-CCCE-F323-D6551BA0D90F}.Debug|Any CPU.ActiveCfg = Debug|Any CPU
		{2D8DDA51-6DA0-CCCE-F323-D6551BA0D90F}.Debug|Any CPU.Build.0 = Debug|Any CPU
		{2D8DDA51-6DA0-CCCE-F323-D6551BA0D90F}.Release|Any CPU.ActiveCfg = Release|Any CPU
		{2D8DDA51-6DA0-CCCE-F323-D6551BA0D90F}.Release|Any CPU.Build.0 = Release|Any CPU
		{8B85370E-F4AE-46CF-76F3-7783A714FFB8}.Debug|Any CPU.ActiveCfg = Debug|Any CPU
		{8B85370E-F4AE-46CF-76F3-7783A714FFB8}.Debug|Any CPU.Build.0 = Debug|Any CPU
		{8B85370E-F4AE-46CF-76F3-7783A714FFB8}.Release|Any CPU.ActiveCfg = Release|Any CPU
		{8B85370E-F4AE-46CF-76F3-7783A714FFB8}.Release|Any CPU.Build.0 = Release|Any CPU
		{7E815F70-8C73-0580-7B0B-26F808484F97}.Debug|Any CPU.ActiveCfg = Debug|Any CPU
		{7E815F70-8C73-0580-7B0B-26F808484F97}.Debug|Any CPU.Build.0 = Debug|Any CPU
		{7E815F70-8C73-0580-7B0B-26F808484F97}.Release|Any CPU.ActiveCfg = Release|Any CPU
		{7E815F70-8C73-0580-7B0B-26F808484F97}.Release|Any CPU.Build.0 = Release|Any CPU
		{242F324D-D37C-95EE-BB10-2CAF1B0FD1ED}.Debug|Any CPU.ActiveCfg = Debug|Any CPU
		{242F324D-D37C-95EE-BB10-2CAF1B0FD1ED}.Debug|Any CPU.Build.0 = Debug|Any CPU
		{242F324D-D37C-95EE-BB10-2CAF1B0FD1ED}.Release|Any CPU.ActiveCfg = Release|Any CPU
		{242F324D-D37C-95EE-BB10-2CAF1B0FD1ED}.Release|Any CPU.Build.0 = Release|Any CPU
		{F571138C-F5CC-FE27-1E8A-82DA4B467496}.Debug|Any CPU.ActiveCfg = Debug|Any CPU
		{F571138C-F5CC-FE27-1E8A-82DA4B467496}.Debug|Any CPU.Build.0 = Debug|Any CPU
		{F571138C-F5CC-FE27-1E8A-82DA4B467496}.Release|Any CPU.ActiveCfg = Release|Any CPU
		{F571138C-F5CC-FE27-1E8A-82DA4B467496}.Release|Any CPU.Build.0 = Release|Any CPU
		{50077499-D57F-EEA5-A8C4-E9E34D6CE2FD}.Debug|Any CPU.ActiveCfg = Debug|Any CPU
		{50077499-D57F-EEA5-A8C4-E9E34D6CE2FD}.Debug|Any CPU.Build.0 = Debug|Any CPU
		{50077499-D57F-EEA5-A8C4-E9E34D6CE2FD}.Release|Any CPU.ActiveCfg = Release|Any CPU
		{50077499-D57F-EEA5-A8C4-E9E34D6CE2FD}.Release|Any CPU.Build.0 = Release|Any CPU
		{E944A0F1-6BB7-6D21-9296-102F5E17E478}.Debug|Any CPU.ActiveCfg = Debug|Any CPU
		{E944A0F1-6BB7-6D21-9296-102F5E17E478}.Debug|Any CPU.Build.0 = Debug|Any CPU
		{E944A0F1-6BB7-6D21-9296-102F5E17E478}.Release|Any CPU.ActiveCfg = Release|Any CPU
		{E944A0F1-6BB7-6D21-9296-102F5E17E478}.Release|Any CPU.Build.0 = Release|Any CPU
		{AF82D8EF-A0B9-2A3C-BB21-7D876CA082F8}.Debug|Any CPU.ActiveCfg = Debug|Any CPU
		{AF82D8EF-A0B9-2A3C-BB21-7D876CA082F8}.Debug|Any CPU.Build.0 = Debug|Any CPU
		{AF82D8EF-A0B9-2A3C-BB21-7D876CA082F8}.Release|Any CPU.ActiveCfg = Release|Any CPU
		{AF82D8EF-A0B9-2A3C-BB21-7D876CA082F8}.Release|Any CPU.Build.0 = Release|Any CPU
		{B595E892-4883-C324-E087-DD9B4AD027B3}.Debug|Any CPU.ActiveCfg = Debug|Any CPU
		{B595E892-4883-C324-E087-DD9B4AD027B3}.Debug|Any CPU.Build.0 = Debug|Any CPU
		{B595E892-4883-C324-E087-DD9B4AD027B3}.Release|Any CPU.ActiveCfg = Release|Any CPU
		{B595E892-4883-C324-E087-DD9B4AD027B3}.Release|Any CPU.Build.0 = Release|Any CPU
		{4262D5F6-DEFC-36AE-D7F8-222839B72FF7}.Debug|Any CPU.ActiveCfg = Debug|Any CPU
		{4262D5F6-DEFC-36AE-D7F8-222839B72FF7}.Debug|Any CPU.Build.0 = Debug|Any CPU
		{4262D5F6-DEFC-36AE-D7F8-222839B72FF7}.Release|Any CPU.ActiveCfg = Release|Any CPU
		{4262D5F6-DEFC-36AE-D7F8-222839B72FF7}.Release|Any CPU.Build.0 = Release|Any CPU
		{71CDD71D-EE7A-F880-C3DE-C8A90F689CE6}.Debug|Any CPU.ActiveCfg = Debug|Any CPU
		{71CDD71D-EE7A-F880-C3DE-C8A90F689CE6}.Debug|Any CPU.Build.0 = Debug|Any CPU
		{71CDD71D-EE7A-F880-C3DE-C8A90F689CE6}.Release|Any CPU.ActiveCfg = Release|Any CPU
		{71CDD71D-EE7A-F880-C3DE-C8A90F689CE6}.Release|Any CPU.Build.0 = Release|Any CPU
		{D64AB0BA-2DC4-B7AE-EBFF-120FC29FF7ED}.Debug|Any CPU.ActiveCfg = Debug|Any CPU
		{D64AB0BA-2DC4-B7AE-EBFF-120FC29FF7ED}.Debug|Any CPU.Build.0 = Debug|Any CPU
		{D64AB0BA-2DC4-B7AE-EBFF-120FC29FF7ED}.Release|Any CPU.ActiveCfg = Release|Any CPU
		{D64AB0BA-2DC4-B7AE-EBFF-120FC29FF7ED}.Release|Any CPU.Build.0 = Release|Any CPU
		{AE26ECD4-BC1C-E175-6330-DC297EB9C8E0}.Debug|Any CPU.ActiveCfg = Debug|Any CPU
		{AE26ECD4-BC1C-E175-6330-DC297EB9C8E0}.Debug|Any CPU.Build.0 = Debug|Any CPU
		{AE26ECD4-BC1C-E175-6330-DC297EB9C8E0}.Release|Any CPU.ActiveCfg = Release|Any CPU
		{AE26ECD4-BC1C-E175-6330-DC297EB9C8E0}.Release|Any CPU.Build.0 = Release|Any CPU
		{B69E4C44-B1A7-4697-1BC2-34628AE58C7F}.Debug|Any CPU.ActiveCfg = Debug|Any CPU
		{B69E4C44-B1A7-4697-1BC2-34628AE58C7F}.Debug|Any CPU.Build.0 = Debug|Any CPU
		{B69E4C44-B1A7-4697-1BC2-34628AE58C7F}.Release|Any CPU.ActiveCfg = Release|Any CPU
		{B69E4C44-B1A7-4697-1BC2-34628AE58C7F}.Release|Any CPU.Build.0 = Release|Any CPU
		{4E17A8B2-FA7C-BC49-2ED9-7D56E65CFBDD}.Debug|Any CPU.ActiveCfg = Debug|Any CPU
		{4E17A8B2-FA7C-BC49-2ED9-7D56E65CFBDD}.Debug|Any CPU.Build.0 = Debug|Any CPU
		{4E17A8B2-FA7C-BC49-2ED9-7D56E65CFBDD}.Release|Any CPU.ActiveCfg = Release|Any CPU
		{4E17A8B2-FA7C-BC49-2ED9-7D56E65CFBDD}.Release|Any CPU.Build.0 = Release|Any CPU
	EndGlobalSection
	GlobalSection(SolutionProperties) = preSolution
		HideSolutionNode = FALSE
	EndGlobalSection
EndGlobal
